
Microsoft Visual Studio Solution File, Format Version 12.00
# Visual Studio Version 16
VisualStudioVersion = 16.0.29519.181
MinimumVisualStudioVersion = 10.0.40219.1
Project("{FAE04EC0-301F-11D3-BF4B-00C04F79EFBC}") = "PatientOnboardingApplication", "PatientOnboardingApplication\PatientOnboardingApplication.csproj", "{C4409326-456C-4457-A411-BF9F6B11A22E}"
EndProject
Global
	GlobalSection(SolutionConfigurationPlatforms) = preSolution
		Debug|Any CPU = Debug|Any CPU
		Release|Any CPU = Release|Any CPU
	EndGlobalSection
	GlobalSection(ProjectConfigurationPlatforms) = postSolution
		{C4409326-456C-4457-A411-BF9F6B11A22E}.Debug|Any CPU.ActiveCfg = Debug|Any CPU
		{C4409326-456C-4457-A411-BF9F6B11A22E}.Debug|Any CPU.Build.0 = Debug|Any CPU
		{C4409326-456C-4457-A411-BF9F6B11A22E}.Release|Any CPU.ActiveCfg = Release|Any CPU
		{C4409326-456C-4457-A411-BF9F6B11A22E}.Release|Any CPU.Build.0 = Release|Any CPU
	EndGlobalSection
	GlobalSection(SolutionProperties) = preSolution
		HideSolutionNode = FALSE
	EndGlobalSection
	GlobalSection(ExtensibilityGlobals) = postSolution
		SolutionGuid = {1610696E-5974-4BF6-B017-76D1F510D316}
	EndGlobalSection
EndGlobal
